dependencies:
- name: common
  repository: oci://registry-1.docker.io/bitnamicharts
  version: 2.29.1
- name: nectarlib
  repository: oci://registry.rc.nectar.org.au/nectar-helm
  version: 3.0.3
digest: sha256:1660f9edfacc205d0cdb277644da310338f7e4bd7f8bf457e5a6da385761e223
generated: "2025-04-01T09:55:17.458873039+11:00"
